// !$*UTF8*$!
{
	archiveVersion = 1;
	classes = {
	};
	objectVersion = 70;
	objects = {

/* Begin PBXBuildFile section */
		E0755BCB2CC5689000F47D8E /* AppDelegate.swift in Sources */ = {isa = PBXBuildFile; fileRef = E0755BCA2CC5689000F47D8E /* AppDelegate.swift */; };
		E0755BCD2CC5689000F47D8E /* SceneDelegate.swift in Sources */ = {isa = PBXBuildFile; fileRef = E0755BCC2CC5689000F47D8E /* SceneDelegate.swift */; };
		E0755BCF2CC5689000F47D8E /* ViewController.swift in Sources */ = {isa = PBXBuildFile; fileRef = E0755BCE2CC5689000F47D8E /* ViewController.swift */; };
		E0755BD22CC5689000F47D8E /* Main.storyboard in Resources */ = {isa = PBXBuildFile; fileRef = E0755BD02CC5689000F47D8E /* Main.storyboard */; };
		E0755BD42CC5689200F47D8E /* Assets.xcassets in Resources */ = {isa = PBXBuildFile; fileRef = E0755BD32CC5689200F47D8E /* Assets.xcassets */; };
		E0755BD72CC5689200F47D8E /* LaunchScreen.storyboard in Resources */ = {isa = PBXBuildFile; fileRef = E0755BD52CC5689200F47D8E /* LaunchScreen.storyboard */; };
		E0755BE22CC5689200F47D8E /* XylophoneUITests.swift in Sources */ = {isa = PBXBuildFile; fileRef = E0755BE12CC5689200F47D8E /* XylophoneUITests.swift */; };
		E0755BEC2CC5689200F47D8E /* XylophoneUITests.swift in Sources */ = {isa = PBXBuildFile; fileRef = E0755BEB2CC5689200F47D8E /* XylophoneUITests.swift */; };
		E0755BEE2CC5689200F47D8E /* XylophoneUITestsLaunchTests.swift in Sources */ = {isa = PBXBuildFile; fileRef = E0755BED2CC5689200F47D8E /* XylophoneUITestsLaunchTests.swift */; };
/* End PBXBuildFile section */

/* Begin PBXContainerItemProxy section */
		E0755BDE2CC5689200F47D8E /* PBXContainerItemProxy */ = {
			isa = PBXContainerItemProxy;
			containerPortal = E0755BBF2CC5689000F47D8E /* Project object */;
			proxyType = 1;
			remoteGlobalIDString = E0755BC62CC5689000F47D8E;
			remoteInfo = xylophone;
		};
		E0755BE82CC5689200F47D8E /* PBXContainerItemProxy */ = {
			isa = PBXContainerItemProxy;
			containerPortal = E0755BBF2CC5689000F47D8E /* Project object */;
			proxyType = 1;
			remoteGlobalIDString = E0755BC62CC5689000F47D8E;
			remoteInfo = xylophone;
		};
/* End PBXContainerItemProxy section */

/* Begin PBXFileReference section */
		E0755BC72CC5689000F47D8E /* xylophone.app */ = {isa = PBXFileReference; explicitFileType = wrapper.application; includeInIndex = 0; path = xylophone.app; sourceTree = BUILT_PRODUCTS_DIR; };
		E0755BCA2CC5689000F47D8E /* AppDelegate.swift */ = {isa = PBXFileReference; lastKnownFileType = sourcecode.swift; path = AppDelegate.swift; sourceTree = "<group>"; };
		E0755BCC2CC5689000F47D8E /* SceneDelegate.swift */ = {isa = PBXFileReference; lastKnownFileType = sourcecode.swift; path = SceneDelegate.swift; sourceTree = "<group>"; };
		E0755BCE2CC5689000F47D8E /* ViewController.swift */ = {isa = PBXFileReference; lastKnownFileType = sourcecode.swift; path = ViewController.swift; sourceTree = "<group>"; };
		E0755BD12CC5689000F47D8E /* Base */ = {isa = PBXFileReference; lastKnownFileType = file.storyboard; name = Base; path = Base.lproj/Main.storyboard; sourceTree = "<group>"; };
		E0755BD32CC5689200F47D8E /* Assets.xcassets */ = {isa = PBXFileReference; lastKnownFileType = folder.assetcatalog; path = Assets.xcassets; sourceTree = "<group>"; };
		E0755BD62CC5689200F47D8E /* Base */ = {isa = PBXFileReference; lastKnownFileType = file.storyboard; name = Base; path = Base.lproj/LaunchScreen.storyboard; sourceTree = "<group>"; };
		E0755BD82CC5689200F47D8E /* Info.plist */ = {isa = PBXFileReference; lastKnownFileType = text.plist.xml; path = Info.plist; sourceTree = "<group>"; };
		E0755BDD2CC5689200F47D8E /* xylophoneTests.xctest */ = {isa = PBXFileReference; explicitFileType = wrapper.cfbundle; includeInIndex = 0; path = xylophoneTests.xctest; sourceTree = BUILT_PRODUCTS_DIR; };
		E0755BE12CC5689200F47D8E /* XylophoneUITests.swift */ = {isa = PBXFileReference; lastKnownFileType = sourcecode.swift; path = XylophoneUITests.swift; sourceTree = "<group>"; };
		E0755BE72CC5689200F47D8E /* xylophoneUITests.xctest */ = {isa = PBXFileReference; explicitFileType = wrapper.cfbundle; includeInIndex = 0; path = xylophoneUITests.xctest; sourceTree = BUILT_PRODUCTS_DIR; };
		E0755BEB2CC5689200F47D8E /* XylophoneUITests.swift */ = {isa = PBXFileReference; lastKnownFileType = sourcecode.swift; path = XylophoneUITests.swift; sourceTree = "<group>"; };
		E0755BED2CC5689200F47D8E /* XylophoneUITestsLaunchTests.swift */ = {isa = PBXFileReference; lastKnownFileType = sourcecode.swift; path = XylophoneUITestsLaunchTests.swift; sourceTree = "<group>"; };
/* End PBXFileReference section */

/* Begin PBXFileSystemSynchronizedRootGroup section */
		B76796092CCBCAC200BCBFC2 /* Sounds  */ = {isa = PBXFileSystemSynchronizedRootGroup; explicitFileTypes = {}; explicitFolders = (); path = "Sounds "; sourceTree = "<group>"; };
/* End PBXFileSystemSynchronizedRootGroup section */

/* Begin PBXFrameworksBuildPhase section */
		E0755BC42CC5689000F47D8E /* Frameworks */ = {
			isa = PBXFrameworksBuildPhase;
			buildActionMask = 2147483647;
			files = (
			);
			runOnlyForDeploymentPostprocessing = 0;
		};
		E0755BDA2CC5689200F47D8E /* Frameworks */ = {
			isa = PBXFrameworksBuildPhase;
			buildActionMask = 2147483647;
			files = (
			);
			runOnlyForDeploymentPostprocessing = 0;
		};
		E0755BE42CC5689200F47D8E /* Frameworks */ = {
			isa = PBXFrameworksBuildPhase;
			buildActionMask = 2147483647;
			files = (
			);
			runOnlyForDeploymentPostprocessing = 0;
		};
/* End PBXFrameworksBuildPhase section */

/* Begin PBXGroup section */
		E0755BBE2CC5689000F47D8E = {
			isa = PBXGroup;
			children = (
				E0755BC92CC5689000F47D8E /* xylophone */,
				E0755BE02CC5689200F47D8E /* xylophoneTests */,
				E0755BEA2CC5689200F47D8E /* xylophoneUITests */,
				E0755BC82CC5689000F47D8E /* Products */,
			);
			sourceTree = "<group>";
		};
		E0755BC82CC5689000F47D8E /* Products */ = {
			isa = PBXGroup;
			children = (
				E0755BC72CC5689000F47D8E /* xylophone.app */,
				E0755BDD2CC5689200F47D8E /* xylophoneTests.xctest */,
				E0755BE72CC5689200F47D8E /* xylophoneUITests.xctest */,
			);
			name = Products;
			sourceTree = "<group>";
		};
		E0755BC92CC5689000F47D8E /* xylophone */ = {
			isa = PBXGroup;
			children = (
				E0755BCA2CC5689000F47D8E /* AppDelegate.swift */,
				E0755BCC2CC5689000F47D8E /* SceneDelegate.swift */,
				E0755BCE2CC5689000F47D8E /* ViewController.swift */,
				E0755BD02CC5689000F47D8E /* Main.storyboard */,
				E0755BD32CC5689200F47D8E /* Assets.xcassets */,
				E0755BD52CC5689200F47D8E /* LaunchScreen.storyboard */,
				E0755BD82CC5689200F47D8E /* Info.plist */,
				B76796092CCBCAC200BCBFC2 /* Sounds  */,
			);
			path = xylophone;
			sourceTree = "<group>";
		};
		E0755BE02CC5689200F47D8E /* xylophoneTests */ = {
			isa = PBXGroup;
			children = (
				E0755BE12CC5689200F47D8E /* XylophoneUITests.swift */,
			);
			path = xylophoneTests;
			sourceTree = "<group>";
		};
		E0755BEA2CC5689200F47D8E /* xylophoneUITests */ = {
			isa = PBXGroup;
			children = (
				E0755BEB2CC5689200F47D8E /* XylophoneUITests.swift */,
				E0755BED2CC5689200F47D8E /* XylophoneUITestsLaunchTests.swift */,
			);
			path = xylophoneUITests;
			sourceTree = "<group>";
		};
/* End PBXGroup section */

/* Begin PBXNativeTarget section */
		E0755BC62CC5689000F47D8E /* xylophone */ = {
			isa = PBXNativeTarget;
			buildConfigurationList = E0755BF12CC5689200F47D8E /* Build configuration list for PBXNativeTarget "xylophone" */;
			buildPhases = (
				E0755BC32CC5689000F47D8E /* Sources */,
				E0755BC42CC5689000F47D8E /* Frameworks */,
				E0755BC52CC5689000F47D8E /* Resources */,
			);
			buildRules = (
			);
			dependencies = (
			);
			fileSystemSynchronizedGroups = (
				B76796092CCBCAC200BCBFC2 /* Sounds  */,
			);
			name = xylophone;
			productName = xylophone;
			productReference = E0755BC72CC5689000F47D8E /* xylophone.app */;
			productType = "com.apple.product-type.application";
		};
		E0755BDC2CC5689200F47D8E /* xylophoneTests */ = {
			isa = PBXNativeTarget;
			buildConfigurationList = E0755BF42CC5689200F47D8E /* Build configuration list for PBXNativeTarget "xylophoneTests" */;
			buildPhases = (
				E0755BD92CC5689200F47D8E /* Sources */,
				E0755BDA2CC5689200F47D8E /* Frameworks */,
				E0755BDB2CC5689200F47D8E /* Resources */,
			);
			buildRules = (
			);
			dependencies = (
				E0755BDF2CC5689200F47D8E /* PBXTargetDependency */,
			);
			name = xylophoneTests;
			productName = xylophoneTests;
			productReference = E0755BDD2CC5689200F47D8E /* xylophoneTests.xctest */;
			productType = "com.apple.product-type.bundle.unit-test";
		};
		E0755BE62CC5689200F47D8E /* xylophoneUITests */ = {
			isa = PBXNativeTarget;
			buildConfigurationList = E0755BF72CC5689200F47D8E /* Build configuration list for PBXNativeTarget "xylophoneUITests" */;
			buildPhases = (
				E0755BE32CC5689200F47D8E /* Sources */,
				E0755BE42CC5689200F47D8E /* Frameworks */,
				E0755BE52CC5689200F47D8E /* Resources */,
			);
			buildRules = (
			);
			dependencies = (
				E0755BE92CC5689200F47D8E /* PBXTargetDependency */,
			);
			name = xylophoneUITests;
			productName = xylophoneUITests;
			productReference = E0755BE72CC5689200F47D8E /* xylophoneUITests.xctest */;
			productType = "com.apple.product-type.bundle.ui-testing";
		};
/* End PBXNativeTarget section */

/* Begin PBXProject section */
		E0755BBF2CC5689000F47D8E /* Project object */ = {
			isa = PBXProject;
			attributes = {
				BuildIndependentTargetsInParallel = 1;
				LastSwiftUpdateCheck = 1430;
				LastUpgradeCheck = 1430;
				TargetAttributes = {
					E0755BC62CC5689000F47D8E = {
						CreatedOnToolsVersion = 14.3.1;
					};
					E0755BDC2CC5689200F47D8E = {
						CreatedOnToolsVersion = 14.3.1;
						TestTargetID = E0755BC62CC5689000F47D8E;
					};
					E0755BE62CC5689200F47D8E = {
						CreatedOnToolsVersion = 14.3.1;
						TestTargetID = E0755BC62CC5689000F47D8E;
					};
				};
			};
			buildConfigurationList = E0755BC22CC5689000F47D8E /* Build configuration list for PBXProject "xylophone" */;
			compatibilityVersion = "Xcode 14.0";
			developmentRegion = en;
			hasScannedForEncodings = 0;
			knownRegions = (
				en,
				Base,
			);
			mainGroup = E0755BBE2CC5689000F47D8E;
			productRefGroup = E0755BC82CC5689000F47D8E /* Products */;
			projectDirPath = "";
			projectRoot = "";
			targets = (
				E0755BC62CC5689000F47D8E /* xylophone */,
				E0755BDC2CC5689200F47D8E /* xylophoneTests */,
				E0755BE62CC5689200F47D8E /* xylophoneUITests */,
			);
		};
/* End PBXProject section */

/* Begin PBXResourcesBuildPhase section */
		E0755BC52CC5689000F47D8E /* Resources */ = {
			isa = PBXResourcesBuildPhase;
			buildActionMask = 2147483647;
			files = (
				E0755BD72CC5689200F47D8E /* LaunchScreen.storyboard in Resources */,
				E0755BD42CC5689200F47D8E /* Assets.xcassets in Resources */,
				E0755BD22CC5689000F47D8E /* Main.storyboard in Resources */,
			);
			runOnlyForDeploymentPostprocessing = 0;
		};
		E0755BDB2CC5689200F47D8E /* Resources */ = {
			isa = PBXResourcesBuildPhase;
			buildActionMask = 2147483647;
			files = (
			);
			runOnlyForDeploymentPostprocessing = 0;
		};
		E0755BE52CC5689200F47D8E /* Resources */ = {
			isa = PBXResourcesBuildPhase;
			buildActionMask = 2147483647;
			files = (
			);
			runOnlyForDeploymentPostprocessing = 0;
		};
/* End PBXResourcesBuildPhase section */

/* Begin PBXSourcesBuildPhase section */
		E0755BC32CC5689000F47D8E /* Sources */ = {
			isa = PBXSourcesBuildPhase;
			buildActionMask = 2147483647;
			files = (
				E0755BCF2CC5689000F47D8E /* ViewController.swift in Sources */,
				E0755BCB2CC5689000F47D8E /* AppDelegate.swift in Sources */,
				E0755BCD2CC5689000F47D8E /* SceneDelegate.swift in Sources */,
			);
			runOnlyForDeploymentPostprocessing = 0;
		};
		E0755BD92CC5689200F47D8E /* Sources */ = {
			isa = PBXSourcesBuildPhase;
			buildActionMask = 2147483647;
			files = (
				E0755BE22CC5689200F47D8E /* XylophoneUITests.swift in Sources */,
			);
			runOnlyForDeploymentPostprocessing = 0;
		};
		E0755BE32CC5689200F47D8E /* Sources */ = {
			isa = PBXSourcesBuildPhase;
			buildActionMask = 2147483647;
			files = (
				E0755BEC2CC5689200F47D8E /* XylophoneUITests.swift in Sources */,
				E0755BEE2CC5689200F47D8E /* XylophoneUITestsLaunchTests.swift in Sources */,
			);
			runOnlyForDeploymentPostprocessing = 0;
		};
/* End PBXSourcesBuildPhase section */

/* Begin PBXTargetDependency section */
		E0755BDF2CC5689200F47D8E /* PBXTargetDependency */ = {
			isa = PBXTargetDependency;
			target = E0755BC62CC5689000F47D8E /* xylophone */;
			targetProxy = E0755BDE2CC5689200F47D8E /* PBXContainerItemProxy */;
		};
		E0755BE92CC5689200F47D8E /* PBXTargetDependency */ = {
			isa = PBXTargetDependency;
			target = E0755BC62CC5689000F47D8E /* xylophone */;
			targetProxy = E0755BE82CC5689200F47D8E /* PBXContainerItemProxy */;
		};
/* End PBXTargetDependency section */

/* Begin PBXVariantGroup section */
		E0755BD02CC5689000F47D8E /* Main.storyboard */ = {
			isa = PBXVariantGroup;
			children = (
				E0755BD12CC5689000F47D8E /* Base */,
			);
			name = Main.storyboard;
			sourceTree = "<group>";
		};
		E0755BD52CC5689200F47D8E /* LaunchScreen.storyboard */ = {
			isa = PBXVariantGroup;
			children = (
				E0755BD62CC5689200F47D8E /* Base */,
			);
			name = LaunchScreen.storyboard;
			sourceTree = "<group>";
		};
/* End PBXVariantGroup section */

/* Begin XCBuildConfiguration section */
		E0755BEF2CC5689200F47D8E /* Debug */ = {
			isa = XCBuildConfiguration;
			buildSettings = {
				ALWAYS_SEARCH_USER_PATHS = NO;
				CLANG_ANALYZER_NONNULL = YES;
				CLANG_ANALYZER_NUMBER_OBJECT_CONVERSION = YES_AGGRESSIVE;
				CLANG_CXX_LANGUAGE_STANDARD = "gnu++20";
				CLANG_ENABLE_MODULES = YES;
				CLANG_ENABLE_OBJC_ARC = YES;
				CLANG_ENABLE_OBJC_WEAK = YES;
				CLANG_WARN_BLOCK_CAPTURE_AUTORELEASING = YES;
				CLANG_WARN_BOOL_CONVERSION = YES;
				CLANG_WARN_COMMA = YES;
				CLANG_WARN_CONSTANT_CONVERSION = YES;
				CLANG_WARN_DEPRECATED_OBJC_IMPLEMENTATIONS = YES;
				CLANG_WARN_DIRECT_OBJC_ISA_USAGE = YES_ERROR;
				CLANG_WARN_DOCUMENTATION_COMMENTS = YES;
				CLANG_WARN_EMPTY_BODY = YES;
				CLANG_WARN_ENUM_CONVERSION = YES;
				CLANG_WARN_INFINITE_RECURSION = YES;
				CLANG_WARN_INT_CONVERSION = YES;
				CLANG_WARN_NON_LITERAL_NULL_CONVERSION = YES;
				CLANG_WARN_OBJC_IMPLICIT_RETAIN_SELF = YES;
				CLANG_WARN_OBJC_LITERAL_CONVERSION = YES;
				CLANG_WARN_OBJC_ROOT_CLASS = YES_ERROR;
				CLANG_WARN_QUOTED_INCLUDE_IN_FRAMEWORK_HEADER = YES;
				CLANG_WARN_RANGE_LOOP_ANALYSIS = YES;
				CLANG_WARN_STRICT_PROTOTYPES = YES;
				CLANG_WARN_SUSPICIOUS_MOVE = YES;
				CLANG_WARN_UNGUARDED_AVAILABILITY = YES_AGGRESSIVE;
				CLANG_WARN_UNREACHABLE_CODE = YES;
				CLANG_WARN__DUPLICATE_METHOD_MATCH = YES;
				COPY_PHASE_STRIP = NO;
				DEBUG_INFORMATION_FORMAT = dwarf;
				ENABLE_STRICT_OBJC_MSGSEND = YES;
				ENABLE_TESTABILITY = YES;
				GCC_C_LANGUAGE_STANDARD = gnu11;
				GCC_DYNAMIC_NO_PIC = NO;
				GCC_NO_COMMON_BLOCKS = YES;
				GCC_OPTIMIZATION_LEVEL = 0;
				GCC_PREPROCESSOR_DEFINITIONS = (
					"DEBUG=1",
					"$(inherited)",
				);
				GCC_WARN_64_TO_32_BIT_CONVERSION = YES;
				GCC_WARN_ABOUT_RETURN_TYPE = YES_ERROR;
				GCC_WARN_UNDECLARED_SELECTOR = YES;
				GCC_WARN_UNINITIALIZED_AUTOS = YES_AGGRESSIVE;
				GCC_WARN_UNUSED_FUNCTION = YES;
				GCC_WARN_UNUSED_VARIABLE = YES;
				IPHONEOS_DEPLOYMENT_TARGET = 16.4;
				MTL_ENABLE_DEBUG_INFO = INCLUDE_SOURCE;
				MTL_FAST_MATH = YES;
				ONLY_ACTIVE_ARCH = YES;
				SDKROOT = iphoneos;
				SWIFT_ACTIVE_COMPILATION_CONDITIONS = DEBUG;
				SWIFT_OPTIMIZATION_LEVEL = "-Onone";
			};
			name = Debug;
		};
		E0755BF02CC5689200F47D8E /* Release */ = {
			isa = XCBuildConfiguration;
			buildSettings = {
				ALWAYS_SEARCH_USER_PATHS = NO;
				CLANG_ANALYZER_NONNULL = YES;
				CLANG_ANALYZER_NUMBER_OBJECT_CONVERSION = YES_AGGRESSIVE;
				CLANG_CXX_LANGUAGE_STANDARD = "gnu++20";
				CLANG_ENABLE_MODULES = YES;
				CLANG_ENABLE_OBJC_ARC = YES;
				CLANG_ENABLE_OBJC_WEAK = YES;
				CLANG_WARN_BLOCK_CAPTURE_AUTORELEASING = YES;
				CLANG_WARN_BOOL_CONVERSION = YES;
				CLANG_WARN_COMMA = YES;
				CLANG_WARN_CONSTANT_CONVERSION = YES;
				CLANG_WARN_DEPRECATED_OBJC_IMPLEMENTATIONS = YES;
				CLANG_WARN_DIRECT_OBJC_ISA_USAGE = YES_ERROR;
				CLANG_WARN_DOCUMENTATION_COMMENTS = YES;
				CLANG_WARN_EMPTY_BODY = YES;
				CLANG_WARN_ENUM_CONVERSION = YES;
				CLANG_WARN_INFINITE_RECURSION = YES;
				CLANG_WARN_INT_CONVERSION = YES;
				CLANG_WARN_NON_LITERAL_NULL_CONVERSION = YES;
				CLANG_WARN_OBJC_IMPLICIT_RETAIN_SELF = YES;
				CLANG_WARN_OBJC_LITERAL_CONVERSION = YES;
				CLANG_WARN_OBJC_ROOT_CLASS = YES_ERROR;
				CLANG_WARN_QUOTED_INCLUDE_IN_FRAMEWORK_HEADER = YES;
				CLANG_WARN_RANGE_LOOP_ANALYSIS = YES;
				CLANG_WARN_STRICT_PROTOTYPES = YES;
				CLANG_WARN_SUSPICIOUS_MOVE = YES;
				CLANG_WARN_UNGUARDED_AVAILABILITY = YES_AGGRESSIVE;
				CLANG_WARN_UNREACHABLE_CODE = YES;
				CLANG_WARN__DUPLICATE_METHOD_MATCH = YES;
				COPY_PHASE_STRIP = NO;
				DEBUG_INFORMATION_FORMAT = "dwarf-with-dsym";
				ENABLE_NS_ASSERTIONS = NO;
				ENABLE_STRICT_OBJC_MSGSEND = YES;
				GCC_C_LANGUAGE_STANDARD = gnu11;
				GCC_NO_COMMON_BLOCKS = YES;
				GCC_WARN_64_TO_32_BIT_CONVERSION = YES;
				GCC_WARN_ABOUT_RETURN_TYPE = YES_ERROR;
				GCC_WARN_UNDECLARED_SELECTOR = YES;
				GCC_WARN_UNINITIALIZED_AUTOS = YES_AGGRESSIVE;
				GCC_WARN_UNUSED_FUNCTION = YES;
				GCC_WARN_UNUSED_VARIABLE = YES;
				IPHONEOS_DEPLOYMENT_TARGET = 16.4;
				MTL_ENABLE_DEBUG_INFO = NO;
				MTL_FAST_MATH = YES;
				SDKROOT = iphoneos;
				SWIFT_COMPILATION_MODE = wholemodule;
				SWIFT_OPTIMIZATION_LEVEL = "-O";
				VALIDATE_PRODUCT = YES;
			};
			name = Release;
		};
		E0755BF22CC5689200F47D8E /* Debug */ = {
			isa = XCBuildConfiguration;
			buildSettings = {
				ASSETCATALOG_COMPILER_APPICON_NAME = AppIcon;
				ASSETCATALOG_COMPILER_GLOBAL_ACCENT_COLOR_NAME = AccentColor;
				CODE_SIGN_STYLE = Automatic;
				CURRENT_PROJECT_VERSION = 1;
				GENERATE_INFOPLIST_FILE = YES;
				INFOPLIST_FILE = xylophone/Info.plist;
				INFOPLIST_KEY_UIApplicationSupportsIndirectInputEvents = YES;
				INFOPLIST_KEY_UILaunchStoryboardName = LaunchScreen;
				INFOPLIST_KEY_UIMainStoryboardFile = Main;
				INFOPLIST_KEY_UISupportedInterfaceOrientations_iPad = "UIInterfaceOrientationPortrait UIInterfaceOrientationPortraitUpsideDown UIInterfaceOrientationLandscapeLeft UIInterfaceOrientationLandscapeRight";
				INFOPLIST_KEY_UISupportedInterfaceOrientations_iPhone = "UIInterfaceOrientationPortrait UIInterfaceOrientationLandscapeLeft UIInterfaceOrientationLandscapeRight";
				LD_RUNPATH_SEARCH_PATHS = (
					"$(inherited)",
					"@executable_path/Frameworks",
				);
				MARKETING_VERSION = 1.0;
				PRODUCT_BUNDLE_IDENTIFIER = Kbtu.mall.xylophone;
				PRODUCT_NAME = "$(TARGET_NAME)";
				SWIFT_EMIT_LOC_STRINGS = YES;
				SWIFT_VERSION = 5.0;
				TARGETED_DEVICE_FAMILY = "1,2";
			};
			name = Debug;
		};
		E0755BF32CC5689200F47D8E /* Release */ = {
			isa = XCBuildConfiguration;
			buildSettings = {
				ASSETCATALOG_COMPILER_APPICON_NAME = AppIcon;
				ASSETCATALOG_COMPILER_GLOBAL_ACCENT_COLOR_NAME = AccentColor;
				CODE_SIGN_STYLE = Automatic;
				CURRENT_PROJECT_VERSION = 1;
				GENERATE_INFOPLIST_FILE = YES;
				INFOPLIST_FILE = xylophone/Info.plist;
				INFOPLIST_KEY_UIApplicationSupportsIndirectInputEvents = YES;
				INFOPLIST_KEY_UILaunchStoryboardName = LaunchScreen;
				INFOPLIST_KEY_UIMainStoryboardFile = Main;
				INFOPLIST_KEY_UISupportedInterfaceOrientations_iPad = "UIInterfaceOrientationPortrait UIInterfaceOrientationPortraitUpsideDown UIInterfaceOrientationLandscapeLeft UIInterfaceOrientationLandscapeRight";
				INFOPLIST_KEY_UISupportedInterfaceOrientations_iPhone = "UIInterfaceOrientationPortrait UIInterfaceOrientationLandscapeLeft UIInterfaceOrientationLandscapeRight";
				LD_RUNPATH_SEARCH_PATHS = (
					"$(inherited)",
					"@executable_path/Frameworks",
				);
				MARKETING_VERSION = 1.0;
				PRODUCT_BUNDLE_IDENTIFIER = Kbtu.mall.xylophone;
				PRODUCT_NAME = "$(TARGET_NAME)";
				SWIFT_EMIT_LOC_STRINGS = YES;
				SWIFT_VERSION = 5.0;
				TARGETED_DEVICE_FAMILY = "1,2";
			};
			name = Release;
		};
		E0755BF52CC5689200F47D8E /* Debug */ = {
			isa = XCBuildConfiguration;
			buildSettings = {
				ALWAYS_EMBED_SWIFT_STANDARD_LIBRARIES = YES;
				BUNDLE_LOADER = "$(TEST_HOST)";
				CODE_SIGN_STYLE = Automatic;
				CURRENT_PROJECT_VERSION = 1;
				GENERATE_INFOPLIST_FILE = YES;
				IPHONEOS_DEPLOYMENT_TARGET = 16.4;
				MARKETING_VERSION = 1.0;
				PRODUCT_BUNDLE_IDENTIFIER = Kbtu.mall.xylophoneTests;
				PRODUCT_NAME = "$(TARGET_NAME)";
				SWIFT_EMIT_LOC_STRINGS = NO;
				SWIFT_VERSION = 5.0;
				TARGETED_DEVICE_FAMILY = "1,2";
				TEST_HOST = "$(BUILT_PRODUCTS_DIR)/xylophone.app/$(BUNDLE_EXECUTABLE_FOLDER_PATH)/xylophone";
			};
			name = Debug;
		};
		E0755BF62CC5689200F47D8E /* Release */ = {
			isa = XCBuildConfiguration;
			buildSettings = {
				ALWAYS_EMBED_SWIFT_STANDARD_LIBRARIES = YES;
				BUNDLE_LOADER = "$(TEST_HOST)";
				CODE_SIGN_STYLE = Automatic;
				CURRENT_PROJECT_VERSION = 1;
				GENERATE_INFOPLIST_FILE = YES;
				IPHONEOS_DEPLOYMENT_TARGET = 16.4;
				MARKETING_VERSION = 1.0;
				PRODUCT_BUNDLE_IDENTIFIER = Kbtu.mall.xylophoneTests;
				PRODUCT_NAME = "$(TARGET_NAME)";
				SWIFT_EMIT_LOC_STRINGS = NO;
				SWIFT_VERSION = 5.0;
				TARGETED_DEVICE_FAMILY = "1,2";
				TEST_HOST = "$(BUILT_PRODUCTS_DIR)/xylophone.app/$(BUNDLE_EXECUTABLE_FOLDER_PATH)/xylophone";
			};
			name = Release;
		};
		E0755BF82CC5689200F47D8E /* Debug */ = {
			isa = XCBuildConfiguration;
			buildSettings = {
				ALWAYS_EMBED_SWIFT_STANDARD_LIBRARIES = YES;
				CODE_SIGN_STYLE = Automatic;
				CURRENT_PROJECT_VERSION = 1;
				GENERATE_INFOPLIST_FILE = YES;
				MARKETING_VERSION = 1.0;
				PRODUCT_BUNDLE_IDENTIFIER = Kbtu.mall.xylophoneUITests;
				PRODUCT_NAME = "$(TARGET_NAME)";
				SWIFT_EMIT_LOC_STRINGS = NO;
				SWIFT_VERSION = 5.0;
				TARGETED_DEVICE_FAMILY = "1,2";
				TEST_TARGET_NAME = xylophone;
			};
			name = Debug;
		};
		E0755BF92CC5689200F47D8E /* Release */ = {
			isa = XCBuildConfiguration;
			buildSettings = {
				ALWAYS_EMBED_SWIFT_STANDARD_LIBRARIES = YES;
				CODE_SIGN_STYLE = Automatic;
				CURRENT_PROJECT_VERSION = 1;
				GENERATE_INFOPLIST_FILE = YES;
				MARKETING_VERSION = 1.0;
				PRODUCT_BUNDLE_IDENTIFIER = Kbtu.mall.xylophoneUITests;
				PRODUCT_NAME = "$(TARGET_NAME)";
				SWIFT_EMIT_LOC_STRINGS = NO;
				SWIFT_VERSION = 5.0;
				TARGETED_DEVICE_FAMILY = "1,2";
				TEST_TARGET_NAME = xylophone;
			};
			name = Release;
		};
/* End XCBuildConfiguration section */

/* Begin XCConfigurationList section */
		E0755BC22CC5689000F47D8E /* Build configuration list for PBXProject "xylophone" */ = {
			isa = XCConfigurationList;
			buildConfigurations = (
				E0755BEF2CC5689200F47D8E /* Debug */,
				E0755BF02CC5689200F47D8E /* Release */,
			);
			defaultConfigurationIsVisible = 0;
			defaultConfigurationName = Release;
		};
		E0755BF12CC5689200F47D8E /* Build configuration list for PBXNativeTarget "xylophone" */ = {
			isa = XCConfigurationList;
			buildConfigurations = (
				E0755BF22CC5689200F47D8E /* Debug */,
				E0755BF32CC5689200F47D8E /* Release */,
			);
			defaultConfigurationIsVisible = 0;
			defaultConfigurationName = Release;
		};
		E0755BF42CC5689200F47D8E /* Build configuration list for PBXNativeTarget "xylophoneTests" */ = {
			isa = XCConfigurationList;
			buildConfigurations = (
				E0755BF52CC5689200F47D8E /* Debug */,
				E0755BF62CC5689200F47D8E /* Release */,
			);
			defaultConfigurationIsVisible = 0;
			defaultConfigurationName = Release;
		};
		E0755BF72CC5689200F47D8E /* Build configuration list for PBXNativeTarget "xylophoneUITests" */ = {
			isa = XCConfigurationList;
			buildConfigurations = (
				E0755BF82CC5689200F47D8E /* Debug */,
				E0755BF92CC5689200F47D8E /* Release */,
			);
			defaultConfigurationIsVisible = 0;
			defaultConfigurationName = Release;
		};
/* End XCConfigurationList section */
	};
	rootObject = E0755BBF2CC5689000F47D8E /* Project object */;
}
