// !$*UTF8*$!
{
	archiveVersion = 1;
	classes = {
	};
	objectVersion = 77;
	objects = {

/* Begin PBXContainerItemProxy section */
		629ABA352CAFB45400944E46 /* PBXContainerItemProxy */ = {
			isa = PBXContainerItemProxy;
			containerPortal = 629ABA162CAFB45200944E46 /* Project object */;
			proxyType = 1;
			remoteGlobalIDString = 629ABA1D2CAFB45300944E46;
			remoteInfo = DiceeApp;
		};
		629ABA3F2CAFB45400944E46 /* PBXContainerItemProxy */ = {
			isa = PBXContainerItemProxy;
			containerPortal = 629ABA162CAFB45200944E46 /* Project object */;
			proxyType = 1;
			remoteGlobalIDString = 629ABA1D2CAFB45300944E46;
			remoteInfo = DiceeApp;
		};
/* End PBXContainerItemProxy section */

/* Begin PBXFileReference section */
		629ABA1E2CAFB45300944E46 /* DiceeApp.app */ = {isa = PBXFileReference; explicitFileType = wrapper.application; includeInIndex = 0; path = DiceeApp.app; sourceTree = BUILT_PRODUCTS_DIR; };
		629ABA342CAFB45400944E46 /* DiceeAppTests.xctest */ = {isa = PBXFileReference; explicitFileType = wrapper.cfbundle; includeInIndex = 0; path = DiceeAppTests.xctest; sourceTree = BUILT_PRODUCTS_DIR; };
		629ABA3E2CAFB45400944E46 /* DiceeAppUITests.xctest */ = {isa = PBXFileReference; explicitFileType = wrapper.cfbundle; includeInIndex = 0; path = DiceeAppUITests.xctest; sourceTree = BUILT_PRODUCTS_DIR; };
/* End PBXFileReference section */

/* Begin PBXFileSystemSynchronizedBuildFileExceptionSet section */
		629ABA462CAFB45400944E46 /* Exceptions for "DiceeApp" folder in "DiceeApp" target */ = {
			isa = PBXFileSystemSynchronizedBuildFileExceptionSet;
			membershipExceptions = (
				Info.plist,
			);
			target = 629ABA1D2CAFB45300944E46 /* DiceeApp */;
		};
/* End PBXFileSystemSynchronizedBuildFileExceptionSet section */

/* Begin PBXFileSystemSynchronizedRootGroup section */
		629ABA202CAFB45300944E46 /* DiceeApp */ = {
			isa = PBXFileSystemSynchronizedRootGroup;
			exceptions = (
				629ABA462CAFB45400944E46 /* Exceptions for "DiceeApp" folder in "DiceeApp" target */,
			);
			path = DiceeApp;
			sourceTree = "<group>";
		};
		629ABA372CAFB45400944E46 /* DiceeAppTests */ = {
			isa = PBXFileSystemSynchronizedRootGroup;
			path = DiceeAppTests;
			sourceTree = "<group>";
		};
		629ABA412CAFB45400944E46 /* DiceeAppUITests */ = {
			isa = PBXFileSystemSynchronizedRootGroup;
			path = DiceeAppUITests;
			sourceTree = "<group>";
		};
/* End PBXFileSystemSynchronizedRootGroup section */

/* Begin PBXFrameworksBuildPhase section */
		629ABA1B2CAFB45300944E46 /* Frameworks */ = {
			isa = PBXFrameworksBuildPhase;
			buildActionMask = 2147483647;
			files = (
			);
			runOnlyForDeploymentPostprocessing = 0;
		};
		629ABA312CAFB45400944E46 /* Frameworks */ = {
			isa = PBXFrameworksBuildPhase;
			buildActionMask = 2147483647;
			files = (
			);
			runOnlyForDeploymentPostprocessing = 0;
		};
		629ABA3B2CAFB45400944E46 /* Frameworks */ = {
			isa = PBXFrameworksBuildPhase;
			buildActionMask = 2147483647;
			files = (
			);
			runOnlyForDeploymentPostprocessing = 0;
		};
/* End PBXFrameworksBuildPhase section */

/* Begin PBXGroup section */
		629ABA152CAFB45200944E46 = {
			isa = PBXGroup;
			children = (
				629ABA202CAFB45300944E46 /* DiceeApp */,
				629ABA372CAFB45400944E46 /* DiceeAppTests */,
				629ABA412CAFB45400944E46 /* DiceeAppUITests */,
				629ABA1F2CAFB45300944E46 /* Products */,
			);
			sourceTree = "<group>";
		};
		629ABA1F2CAFB45300944E46 /* Products */ = {
			isa = PBXGroup;
			children = (
				629ABA1E2CAFB45300944E46 /* DiceeApp.app */,
				629ABA342CAFB45400944E46 /* DiceeAppTests.xctest */,
				629ABA3E2CAFB45400944E46 /* DiceeAppUITests.xctest */,
			);
			name = Products;
			sourceTree = "<group>";
		};
/* End PBXGroup section */

/* Begin PBXNativeTarget section */
		629ABA1D2CAFB45300944E46 /* DiceeApp */ = {
			isa = PBXNativeTarget;
			buildConfigurationList = 629ABA472CAFB45400944E46 /* Build configuration list for PBXNativeTarget "DiceeApp" */;
			buildPhases = (
				629ABA1A2CAFB45300944E46 /* Sources */,
				629ABA1B2CAFB45300944E46 /* Frameworks */,
				629ABA1C2CAFB45300944E46 /* Resources */,
			);
			buildRules = (
			);
			dependencies = (
			);
			fileSystemSynchronizedGroups = (
				629ABA202CAFB45300944E46 /* DiceeApp */,
			);
			name = DiceeApp;
			packageProductDependencies = (
			);
			productName = DiceeApp;
			productReference = 629ABA1E2CAFB45300944E46 /* DiceeApp.app */;
			productType = "com.apple.product-type.application";
		};
		629ABA332CAFB45400944E46 /* DiceeAppTests */ = {
			isa = PBXNativeTarget;
			buildConfigurationList = 629ABA4C2CAFB45400944E46 /* Build configuration list for PBXNativeTarget "DiceeAppTests" */;
			buildPhases = (
				629ABA302CAFB45400944E46 /* Sources */,
				629ABA312CAFB45400944E46 /* Frameworks */,
				629ABA322CAFB45400944E46 /* Resources */,
			);
			buildRules = (
			);
			dependencies = (
				629ABA362CAFB45400944E46 /* PBXTargetDependency */,
			);
			fileSystemSynchronizedGroups = (
				629ABA372CAFB45400944E46 /* DiceeAppTests */,
			);
			name = DiceeAppTests;
			packageProductDependencies = (
			);
			productName = DiceeAppTests;
			productReference = 629ABA342CAFB45400944E46 /* DiceeAppTests.xctest */;
			productType = "com.apple.product-type.bundle.unit-test";
		};
		629ABA3D2CAFB45400944E46 /* DiceeAppUITests */ = {
			isa = PBXNativeTarget;
			buildConfigurationList = 629ABA4F2CAFB45400944E46 /* Build configuration list for PBXNativeTarget "DiceeAppUITests" */;
			buildPhases = (
				629ABA3A2CAFB45400944E46 /* Sources */,
				629ABA3B2CAFB45400944E46 /* Frameworks */,
				629ABA3C2CAFB45400944E46 /* Resources */,
			);
			buildRules = (
			);
			dependencies = (
				629ABA402CAFB45400944E46 /* PBXTargetDependency */,
			);
			fileSystemSynchronizedGroups = (
				629ABA412CAFB45400944E46 /* DiceeAppUITests */,
			);
			name = DiceeAppUITests;
			packageProductDependencies = (
			);
			productName = DiceeAppUITests;
			productReference = 629ABA3E2CAFB45400944E46 /* DiceeAppUITests.xctest */;
			productType = "com.apple.product-type.bundle.ui-testing";
		};
/* End PBXNativeTarget section */

/* Begin PBXProject section */
		629ABA162CAFB45200944E46 /* Project object */ = {
			isa = PBXProject;
			attributes = {
				BuildIndependentTargetsInParallel = 1;
				LastSwiftUpdateCheck = 1600;
				LastUpgradeCheck = 1600;
				TargetAttributes = {
					629ABA1D2CAFB45300944E46 = {
						CreatedOnToolsVersion = 16.0;
					};
					629ABA332CAFB45400944E46 = {
						CreatedOnToolsVersion = 16.0;
						TestTargetID = 629ABA1D2CAFB45300944E46;
					};
					629ABA3D2CAFB45400944E46 = {
						CreatedOnToolsVersion = 16.0;
						TestTargetID = 629ABA1D2CAFB45300944E46;
					};
				};
			};
			buildConfigurationList = 629ABA192CAFB45200944E46 /* Build configuration list for PBXProject "DiceeApp" */;
			developmentRegion = en;
			hasScannedForEncodings = 0;
			knownRegions = (
				en,
				Base,
			);
			mainGroup = 629ABA152CAFB45200944E46;
			minimizedProjectReferenceProxies = 1;
			preferredProjectObjectVersion = 77;
			productRefGroup = 629ABA1F2CAFB45300944E46 /* Products */;
			projectDirPath = "";
			projectRoot = "";
			targets = (
				629ABA1D2CAFB45300944E46 /* DiceeApp */,
				629ABA332CAFB45400944E46 /* DiceeAppTests */,
				629ABA3D2CAFB45400944E46 /* DiceeAppUITests */,
			);
		};
/* End PBXProject section */

/* Begin PBXResourcesBuildPhase section */
		629ABA1C2CAFB45300944E46 /* Resources */ = {
			isa = PBXResourcesBuildPhase;
			buildActionMask = 2147483647;
			files = (
			);
			runOnlyForDeploymentPostprocessing = 0;
		};
		629ABA322CAFB45400944E46 /* Resources */ = {
			isa = PBXResourcesBuildPhase;
			buildActionMask = 2147483647;
			files = (
			);
			runOnlyForDeploymentPostprocessing = 0;
		};
		629ABA3C2CAFB45400944E46 /* Resources */ = {
			isa = PBXResourcesBuildPhase;
			buildActionMask = 2147483647;
			files = (
			);
			runOnlyForDeploymentPostprocessing = 0;
		};
/* End PBXResourcesBuildPhase section */

/* Begin PBXSourcesBuildPhase section */
		629ABA1A2CAFB45300944E46 /* Sources */ = {
			isa = PBXSourcesBuildPhase;
			buildActionMask = 2147483647;
			files = (
			);
			runOnlyForDeploymentPostprocessing = 0;
		};
		629ABA302CAFB45400944E46 /* Sources */ = {
			isa = PBXSourcesBuildPhase;
			buildActionMask = 2147483647;
			files = (
			);
			runOnlyForDeploymentPostprocessing = 0;
		};
		629ABA3A2CAFB45400944E46 /* Sources */ = {
			isa = PBXSourcesBuildPhase;
			buildActionMask = 2147483647;
			files = (
			);
			runOnlyForDeploymentPostprocessing = 0;
		};
/* End PBXSourcesBuildPhase section */

/* Begin PBXTargetDependency section */
		629ABA362CAFB45400944E46 /* PBXTargetDependency */ = {
			isa = PBXTargetDependency;
			target = 629ABA1D2CAFB45300944E46 /* DiceeApp */;
			targetProxy = 629ABA352CAFB45400944E46 /* PBXContainerItemProxy */;
		};
		629ABA402CAFB45400944E46 /* PBXTargetDependency */ = {
			isa = PBXTargetDependency;
			target = 629ABA1D2CAFB45300944E46 /* DiceeApp */;
			targetProxy = 629ABA3F2CAFB45400944E46 /* PBXContainerItemProxy */;
		};
/* End PBXTargetDependency section */

/* Begin XCBuildConfiguration section */
		629ABA482CAFB45400944E46 /* Debug */ = {
			isa = XCBuildConfiguration;
			buildSettings = {
				ASSETCATALOG_COMPILER_APPICON_NAME = AppIcon;
				ASSETCATALOG_COMPILER_GLOBAL_ACCENT_COLOR_NAME = AccentColor;
				CODE_SIGN_STYLE = Automatic;
				CURRENT_PROJECT_VERSION = 1;
				GENERATE_INFOPLIST_FILE = YES;
				INFOPLIST_FILE = DiceeApp/Info.plist;
				INFOPLIST_KEY_UIApplicationSupportsIndirectInputEvents = YES;
				INFOPLIST_KEY_UILaunchStoryboardName = LaunchScreen;
				INFOPLIST_KEY_UIMainStoryboardFile = Main;
				INFOPLIST_KEY_UISupportedInterfaceOrientations_iPad = "UIInterfaceOrientationPortrait UIInterfaceOrientationPortraitUpsideDown UIInterfaceOrientationLandscapeLeft UIInterfaceOrientationLandscapeRight";
				INFOPLIST_KEY_UISupportedInterfaceOrientations_iPhone = "UIInterfaceOrientationPortrait UIInterfaceOrientationLandscapeLeft UIInterfaceOrientationLandscapeRight";
				LD_RUNPATH_SEARCH_PATHS = (
					"$(inherited)",
					"@executable_path/Frameworks",
				);
				MARKETING_VERSION = 1.0;
				PRODUCT_BUNDLE_IDENTIFIER = ios.DiceeApp;
				PRODUCT_NAME = "$(TARGET_NAME)";
				SWIFT_EMIT_LOC_STRINGS = YES;
				SWIFT_VERSION = 5.0;
				TARGETED_DEVICE_FAMILY = "1,2";
			};
			name = Debug;
		};
		629ABA492CAFB45400944E46 /* Release */ = {
			isa = XCBuildConfiguration;
			buildSettings = {
				ASSETCATALOG_COMPILER_APPICON_NAME = AppIcon;
				ASSETCATALOG_COMPILER_GLOBAL_ACCENT_COLOR_NAME = AccentColor;
				CODE_SIGN_STYLE = Automatic;
				CURRENT_PROJECT_VERSION = 1;
				GENERATE_INFOPLIST_FILE = YES;
				INFOPLIST_FILE = DiceeApp/Info.plist;
				INFOPLIST_KEY_UIApplicationSupportsIndirectInputEvents = YES;
				INFOPLIST_KEY_UILaunchStoryboardName = LaunchScreen;
				INFOPLIST_KEY_UIMainStoryboardFile = Main;
				INFOPLIST_KEY_UISupportedInterfaceOrientations_iPad = "UIInterfaceOrientationPortrait UIInterfaceOrientationPortraitUpsideDown UIInterfaceOrientationLandscapeLeft UIInterfaceOrientationLandscapeRight";
				INFOPLIST_KEY_UISupportedInterfaceOrientations_iPhone = "UIInterfaceOrientationPortrait UIInterfaceOrientationLandscapeLeft UIInterfaceOrientationLandscapeRight";
				LD_RUNPATH_SEARCH_PATHS = (
					"$(inherited)",
					"@executable_path/Frameworks",
				);
				MARKETING_VERSION = 1.0;
				PRODUCT_BUNDLE_IDENTIFIER = ios.DiceeApp;
				PRODUCT_NAME = "$(TARGET_NAME)";
				SWIFT_EMIT_LOC_STRINGS = YES;
				SWIFT_VERSION = 5.0;
				TARGETED_DEVICE_FAMILY = "1,2";
			};
			name = Release;
		};
		629ABA4A2CAFB45400944E46 /* Debug */ = {
			isa = XCBuildConfiguration;
			buildSettings = {
				ALWAYS_SEARCH_USER_PATHS = NO;
				ASSETCATALOG_COMPILER_GENERATE_SWIFT_ASSET_SYMBOL_EXTENSIONS = YES;
				CLANG_ANALYZER_NONNULL = YES;
				CLANG_ANALYZER_NUMBER_OBJECT_CONVERSION = YES_AGGRESSIVE;
				CLANG_CXX_LANGUAGE_STANDARD = "gnu++20";
				CLANG_ENABLE_MODULES = YES;
				CLANG_ENABLE_OBJC_ARC = YES;
				CLANG_ENABLE_OBJC_WEAK = YES;
				CLANG_WARN_BLOCK_CAPTURE_AUTORELEASING = YES;
				CLANG_WARN_BOOL_CONVERSION = YES;
				CLANG_WARN_COMMA = YES;
				CLANG_WARN_CONSTANT_CONVERSION = YES;
				CLANG_WARN_DEPRECATED_OBJC_IMPLEMENTATIONS = YES;
				CLANG_WARN_DIRECT_OBJC_ISA_USAGE = YES_ERROR;
				CLANG_WARN_DOCUMENTATION_COMMENTS = YES;
				CLANG_WARN_EMPTY_BODY = YES;
				CLANG_WARN_ENUM_CONVERSION = YES;
				CLANG_WARN_INFINITE_RECURSION = YES;
				CLANG_WARN_INT_CONVERSION = YES;
				CLANG_WARN_NON_LITERAL_NULL_CONVERSION = YES;
				CLANG_WARN_OBJC_IMPLICIT_RETAIN_SELF = YES;
				CLANG_WARN_OBJC_LITERAL_CONVERSION = YES;
				CLANG_WARN_OBJC_ROOT_CLASS = YES_ERROR;
				CLANG_WARN_QUOTED_INCLUDE_IN_FRAMEWORK_HEADER = YES;
				CLANG_WARN_RANGE_LOOP_ANALYSIS = YES;
				CLANG_WARN_STRICT_PROTOTYPES = YES;
				CLANG_WARN_SUSPICIOUS_MOVE = YES;
				CLANG_WARN_UNGUARDED_AVAILABILITY = YES_AGGRESSIVE;
				CLANG_WARN_UNREACHABLE_CODE = YES;
				CLANG_WARN__DUPLICATE_METHOD_MATCH = YES;
				COPY_PHASE_STRIP = NO;
				DEBUG_INFORMATION_FORMAT = dwarf;
				ENABLE_STRICT_OBJC_MSGSEND = YES;
				ENABLE_TESTABILITY = YES;
				ENABLE_USER_SCRIPT_SANDBOXING = YES;
				GCC_C_LANGUAGE_STANDARD = gnu17;
				GCC_DYNAMIC_NO_PIC = NO;
				GCC_NO_COMMON_BLOCKS = YES;
				GCC_OPTIMIZATION_LEVEL = 0;
				GCC_PREPROCESSOR_DEFINITIONS = (
					"DEBUG=1",
					"$(inherited)",
				);
				GCC_WARN_64_TO_32_BIT_CONVERSION = YES;
				GCC_WARN_ABOUT_RETURN_TYPE = YES_ERROR;
				GCC_WARN_UNDECLARED_SELECTOR = YES;
				GCC_WARN_UNINITIALIZED_AUTOS = YES_AGGRESSIVE;
				GCC_WARN_UNUSED_FUNCTION = YES;
				GCC_WARN_UNUSED_VARIABLE = YES;
				IPHONEOS_DEPLOYMENT_TARGET = 18.0;
				LOCALIZATION_PREFERS_STRING_CATALOGS = YES;
				MTL_ENABLE_DEBUG_INFO = INCLUDE_SOURCE;
				MTL_FAST_MATH = YES;
				ONLY_ACTIVE_ARCH = YES;
				SDKROOT = iphoneos;
				SWIFT_ACTIVE_COMPILATION_CONDITIONS = "DEBUG $(inherited)";
				SWIFT_OPTIMIZATION_LEVEL = "-Onone";
			};
			name = Debug;
		};
		629ABA4B2CAFB45400944E46 /* Release */ = {
			isa = XCBuildConfiguration;
			buildSettings = {
				ALWAYS_SEARCH_USER_PATHS = NO;
				ASSETCATALOG_COMPILER_GENERATE_SWIFT_ASSET_SYMBOL_EXTENSIONS = YES;
				CLANG_ANALYZER_NONNULL = YES;
				CLANG_ANALYZER_NUMBER_OBJECT_CONVERSION = YES_AGGRESSIVE;
				CLANG_CXX_LANGUAGE_STANDARD = "gnu++20";
				CLANG_ENABLE_MODULES = YES;
				CLANG_ENABLE_OBJC_ARC = YES;
				CLANG_ENABLE_OBJC_WEAK = YES;
				CLANG_WARN_BLOCK_CAPTURE_AUTORELEASING = YES;
				CLANG_WARN_BOOL_CONVERSION = YES;
				CLANG_WARN_COMMA = YES;
				CLANG_WARN_CONSTANT_CONVERSION = YES;
				CLANG_WARN_DEPRECATED_OBJC_IMPLEMENTATIONS = YES;
				CLANG_WARN_DIRECT_OBJC_ISA_USAGE = YES_ERROR;
				CLANG_WARN_DOCUMENTATION_COMMENTS = YES;
				CLANG_WARN_EMPTY_BODY = YES;
				CLANG_WARN_ENUM_CONVERSION = YES;
				CLANG_WARN_INFINITE_RECURSION = YES;
				CLANG_WARN_INT_CONVERSION = YES;
				CLANG_WARN_NON_LITERAL_NULL_CONVERSION = YES;
				CLANG_WARN_OBJC_IMPLICIT_RETAIN_SELF = YES;
				CLANG_WARN_OBJC_LITERAL_CONVERSION = YES;
				CLANG_WARN_OBJC_ROOT_CLASS = YES_ERROR;
				CLANG_WARN_QUOTED_INCLUDE_IN_FRAMEWORK_HEADER = YES;
				CLANG_WARN_RANGE_LOOP_ANALYSIS = YES;
				CLANG_WARN_STRICT_PROTOTYPES = YES;
				CLANG_WARN_SUSPICIOUS_MOVE = YES;
				CLANG_WARN_UNGUARDED_AVAILABILITY = YES_AGGRESSIVE;
				CLANG_WARN_UNREACHABLE_CODE = YES;
				CLANG_WARN__DUPLICATE_METHOD_MATCH = YES;
				COPY_PHASE_STRIP = NO;
				DEBUG_INFORMATION_FORMAT = "dwarf-with-dsym";
				ENABLE_NS_ASSERTIONS = NO;
				ENABLE_STRICT_OBJC_MSGSEND = YES;
				ENABLE_USER_SCRIPT_SANDBOXING = YES;
				GCC_C_LANGUAGE_STANDARD = gnu17;
				GCC_NO_COMMON_BLOCKS = YES;
				GCC_WARN_64_TO_32_BIT_CONVERSION = YES;
				GCC_WARN_ABOUT_RETURN_TYPE = YES_ERROR;
				GCC_WARN_UNDECLARED_SELECTOR = YES;
				GCC_WARN_UNINITIALIZED_AUTOS = YES_AGGRESSIVE;
				GCC_WARN_UNUSED_FUNCTION = YES;
				GCC_WARN_UNUSED_VARIABLE = YES;
				IPHONEOS_DEPLOYMENT_TARGET = 18.0;
				LOCALIZATION_PREFERS_STRING_CATALOGS = YES;
				MTL_ENABLE_DEBUG_INFO = NO;
				MTL_FAST_MATH = YES;
				SDKROOT = iphoneos;
				SWIFT_COMPILATION_MODE = wholemodule;
				VALIDATE_PRODUCT = YES;
			};
			name = Release;
		};
		629ABA4D2CAFB45400944E46 /* Debug */ = {
			isa = XCBuildConfiguration;
			buildSettings = {
				BUNDLE_LOADER = "$(TEST_HOST)";
				CODE_SIGN_STYLE = Automatic;
				CURRENT_PROJECT_VERSION = 1;
				GENERATE_INFOPLIST_FILE = YES;
				IPHONEOS_DEPLOYMENT_TARGET = 18.0;
				MARKETING_VERSION = 1.0;
				PRODUCT_BUNDLE_IDENTIFIER = ios.DiceeAppTests;
				PRODUCT_NAME = "$(TARGET_NAME)";
				SWIFT_EMIT_LOC_STRINGS = NO;
				SWIFT_VERSION = 5.0;
				TARGETED_DEVICE_FAMILY = "1,2";
				TEST_HOST = "$(BUILT_PRODUCTS_DIR)/DiceeApp.app/$(BUNDLE_EXECUTABLE_FOLDER_PATH)/DiceeApp";
			};
			name = Debug;
		};
		629ABA4E2CAFB45400944E46 /* Release */ = {
			isa = XCBuildConfiguration;
			buildSettings = {
				BUNDLE_LOADER = "$(TEST_HOST)";
				CODE_SIGN_STYLE = Automatic;
				CURRENT_PROJECT_VERSION = 1;
				GENERATE_INFOPLIST_FILE = YES;
				IPHONEOS_DEPLOYMENT_TARGET = 18.0;
				MARKETING_VERSION = 1.0;
				PRODUCT_BUNDLE_IDENTIFIER = ios.DiceeAppTests;
				PRODUCT_NAME = "$(TARGET_NAME)";
				SWIFT_EMIT_LOC_STRINGS = NO;
				SWIFT_VERSION = 5.0;
				TARGETED_DEVICE_FAMILY = "1,2";
				TEST_HOST = "$(BUILT_PRODUCTS_DIR)/DiceeApp.app/$(BUNDLE_EXECUTABLE_FOLDER_PATH)/DiceeApp";
			};
			name = Release;
		};
		629ABA502CAFB45400944E46 /* Debug */ = {
			isa = XCBuildConfiguration;
			buildSettings = {
				CODE_SIGN_STYLE = Automatic;
				CURRENT_PROJECT_VERSION = 1;
				GENERATE_INFOPLIST_FILE = YES;
				MARKETING_VERSION = 1.0;
				PRODUCT_BUNDLE_IDENTIFIER = ios.DiceeAppUITests;
				PRODUCT_NAME = "$(TARGET_NAME)";
				SWIFT_EMIT_LOC_STRINGS = NO;
				SWIFT_VERSION = 5.0;
				TARGETED_DEVICE_FAMILY = "1,2";
				TEST_TARGET_NAME = DiceeApp;
			};
			name = Debug;
		};
		629ABA512CAFB45400944E46 /* Release */ = {
			isa = XCBuildConfiguration;
			buildSettings = {
				CODE_SIGN_STYLE = Automatic;
				CURRENT_PROJECT_VERSION = 1;
				GENERATE_INFOPLIST_FILE = YES;
				MARKETING_VERSION = 1.0;
				PRODUCT_BUNDLE_IDENTIFIER = ios.DiceeAppUITests;
				PRODUCT_NAME = "$(TARGET_NAME)";
				SWIFT_EMIT_LOC_STRINGS = NO;
				SWIFT_VERSION = 5.0;
				TARGETED_DEVICE_FAMILY = "1,2";
				TEST_TARGET_NAME = DiceeApp;
			};
			name = Release;
		};
/* End XCBuildConfiguration section */

/* Begin XCConfigurationList section */
		629ABA192CAFB45200944E46 /* Build configuration list for PBXProject "DiceeApp" */ = {
			isa = XCConfigurationList;
			buildConfigurations = (
				629ABA4A2CAFB45400944E46 /* Debug */,
				629ABA4B2CAFB45400944E46 /* Release */,
			);
			defaultConfigurationIsVisible = 0;
			defaultConfigurationName = Release;
		};
		629ABA472CAFB45400944E46 /* Build configuration list for PBXNativeTarget "DiceeApp" */ = {
			isa = XCConfigurationList;
			buildConfigurations = (
				629ABA482CAFB45400944E46 /* Debug */,
				629ABA492CAFB45400944E46 /* Release */,
			);
			defaultConfigurationIsVisible = 0;
			defaultConfigurationName = Release;
		};
		629ABA4C2CAFB45400944E46 /* Build configuration list for PBXNativeTarget "DiceeAppTests" */ = {
			isa = XCConfigurationList;
			buildConfigurations = (
				629ABA4D2CAFB45400944E46 /* Debug */,
				629ABA4E2CAFB45400944E46 /* Release */,
			);
			defaultConfigurationIsVisible = 0;
			defaultConfigurationName = Release;
		};
		629ABA4F2CAFB45400944E46 /* Build configuration list for PBXNativeTarget "DiceeAppUITests" */ = {
			isa = XCConfigurationList;
			buildConfigurations = (
				629ABA502CAFB45400944E46 /* Debug */,
				629ABA512CAFB45400944E46 /* Release */,
			);
			defaultConfigurationIsVisible = 0;
			defaultConfigurationName = Release;
		};
/* End XCConfigurationList section */
	};
	rootObject = 629ABA162CAFB45200944E46 /* Project object */;
}
