// !$*UTF8*$!
{
	archiveVersion = 1;
	classes = {
	};
	objectVersion = 56;
	objects = {

/* Begin PBXBuildFile section */
		E012DCF82CCB73A500D2E587 /* AppDelegate.swift in Sources */ = {isa = PBXBuildFile; fileRef = E012DCF72CCB73A500D2E587 /* AppDelegate.swift */; };
		E012DCFA2CCB73A500D2E587 /* SceneDelegate.swift in Sources */ = {isa = PBXBuildFile; fileRef = E012DCF92CCB73A500D2E587 /* SceneDelegate.swift */; };
		E012DCFC2CCB73A500D2E587 /* ViewController.swift in Sources */ = {isa = PBXBuildFile; fileRef = E012DCFB2CCB73A500D2E587 /* ViewController.swift */; };
		E012DCFF2CCB73A500D2E587 /* Main.storyboard in Resources */ = {isa = PBXBuildFile; fileRef = E012DCFD2CCB73A500D2E587 /* Main.storyboard */; };
		E012DD012CCB73A500D2E587 /* Assets.xcassets in Resources */ = {isa = PBXBuildFile; fileRef = E012DD002CCB73A500D2E587 /* Assets.xcassets */; };
		E012DD042CCB73A500D2E587 /* LaunchScreen.storyboard in Resources */ = {isa = PBXBuildFile; fileRef = E012DD022CCB73A500D2E587 /* LaunchScreen.storyboard */; };
		E012DD0F2CCB73A500D2E587 /* collectionTests.swift in Sources */ = {isa = PBXBuildFile; fileRef = E012DD0E2CCB73A500D2E587 /* collectionTests.swift */; };
		E012DD192CCB73A500D2E587 /* collectionUITests.swift in Sources */ = {isa = PBXBuildFile; fileRef = E012DD182CCB73A500D2E587 /* collectionUITests.swift */; };
		E012DD1B2CCB73A500D2E587 /* collectionUITestsLaunchTests.swift in Sources */ = {isa = PBXBuildFile; fileRef = E012DD1A2CCB73A500D2E587 /* collectionUITestsLaunchTests.swift */; };
		E012DD2A2CCB762200D2E587 /* Movies.swift in Sources */ = {isa = PBXBuildFile; fileRef = E012DD292CCB762200D2E587 /* Movies.swift */; };
/* End PBXBuildFile section */

/* Begin PBXContainerItemProxy section */
		E012DD0B2CCB73A500D2E587 /* PBXContainerItemProxy */ = {
			isa = PBXContainerItemProxy;
			containerPortal = E012DCEC2CCB73A400D2E587 /* Project object */;
			proxyType = 1;
			remoteGlobalIDString = E012DCF32CCB73A500D2E587;
			remoteInfo = collection;
		};
		E012DD152CCB73A500D2E587 /* PBXContainerItemProxy */ = {
			isa = PBXContainerItemProxy;
			containerPortal = E012DCEC2CCB73A400D2E587 /* Project object */;
			proxyType = 1;
			remoteGlobalIDString = E012DCF32CCB73A500D2E587;
			remoteInfo = collection;
		};
/* End PBXContainerItemProxy section */

/* Begin PBXFileReference section */
		E012DCF42CCB73A500D2E587 /* collection.app */ = {isa = PBXFileReference; explicitFileType = wrapper.application; includeInIndex = 0; path = collection.app; sourceTree = BUILT_PRODUCTS_DIR; };
		E012DCF72CCB73A500D2E587 /* AppDelegate.swift */ = {isa = PBXFileReference; lastKnownFileType = sourcecode.swift; path = AppDelegate.swift; sourceTree = "<group>"; };
		E012DCF92CCB73A500D2E587 /* SceneDelegate.swift */ = {isa = PBXFileReference; lastKnownFileType = sourcecode.swift; path = SceneDelegate.swift; sourceTree = "<group>"; };
		E012DCFB2CCB73A500D2E587 /* ViewController.swift */ = {isa = PBXFileReference; lastKnownFileType = sourcecode.swift; path = ViewController.swift; sourceTree = "<group>"; };
		E012DCFE2CCB73A500D2E587 /* Base */ = {isa = PBXFileReference; lastKnownFileType = file.storyboard; name = Base; path = Base.lproj/Main.storyboard; sourceTree = "<group>"; };
		E012DD002CCB73A500D2E587 /* Assets.xcassets */ = {isa = PBXFileReference; lastKnownFileType = folder.assetcatalog; path = Assets.xcassets; sourceTree = "<group>"; };
		E012DD032CCB73A500D2E587 /* Base */ = {isa = PBXFileReference; lastKnownFileType = file.storyboard; name = Base; path = Base.lproj/LaunchScreen.storyboard; sourceTree = "<group>"; };
		E012DD052CCB73A500D2E587 /* Info.plist */ = {isa = PBXFileReference; lastKnownFileType = text.plist.xml; path = Info.plist; sourceTree = "<group>"; };
		E012DD0A2CCB73A500D2E587 /* collectionTests.xctest */ = {isa = PBXFileReference; explicitFileType = wrapper.cfbundle; includeInIndex = 0; path = collectionTests.xctest; sourceTree = BUILT_PRODUCTS_DIR; };
		E012DD0E2CCB73A500D2E587 /* collectionTests.swift */ = {isa = PBXFileReference; lastKnownFileType = sourcecode.swift; path = collectionTests.swift; sourceTree = "<group>"; };
		E012DD142CCB73A500D2E587 /* collectionUITests.xctest */ = {isa = PBXFileReference; explicitFileType = wrapper.cfbundle; includeInIndex = 0; path = collectionUITests.xctest; sourceTree = BUILT_PRODUCTS_DIR; };
		E012DD182CCB73A500D2E587 /* collectionUITests.swift */ = {isa = PBXFileReference; lastKnownFileType = sourcecode.swift; path = collectionUITests.swift; sourceTree = "<group>"; };
		E012DD1A2CCB73A500D2E587 /* collectionUITestsLaunchTests.swift */ = {isa = PBXFileReference; lastKnownFileType = sourcecode.swift; path = collectionUITestsLaunchTests.swift; sourceTree = "<group>"; };
		E012DD292CCB762200D2E587 /* Movies.swift */ = {isa = PBXFileReference; lastKnownFileType = sourcecode.swift; path = Movies.swift; sourceTree = "<group>"; };
/* End PBXFileReference section */

/* Begin PBXFrameworksBuildPhase section */
		E012DCF12CCB73A500D2E587 /* Frameworks */ = {
			isa = PBXFrameworksBuildPhase;
			buildActionMask = 2147483647;
			files = (
			);
			runOnlyForDeploymentPostprocessing = 0;
		};
		E012DD072CCB73A500D2E587 /* Frameworks */ = {
			isa = PBXFrameworksBuildPhase;
			buildActionMask = 2147483647;
			files = (
			);
			runOnlyForDeploymentPostprocessing = 0;
		};
		E012DD112CCB73A500D2E587 /* Frameworks */ = {
			isa = PBXFrameworksBuildPhase;
			buildActionMask = 2147483647;
			files = (
			);
			runOnlyForDeploymentPostprocessing = 0;
		};
/* End PBXFrameworksBuildPhase section */

/* Begin PBXGroup section */
		E012DCEB2CCB73A400D2E587 = {
			isa = PBXGroup;
			children = (
				E012DCF62CCB73A500D2E587 /* collection */,
				E012DD0D2CCB73A500D2E587 /* collectionTests */,
				E012DD172CCB73A500D2E587 /* collectionUITests */,
				E012DCF52CCB73A500D2E587 /* Products */,
			);
			sourceTree = "<group>";
		};
		E012DCF52CCB73A500D2E587 /* Products */ = {
			isa = PBXGroup;
			children = (
				E012DCF42CCB73A500D2E587 /* collection.app */,
				E012DD0A2CCB73A500D2E587 /* collectionTests.xctest */,
				E012DD142CCB73A500D2E587 /* collectionUITests.xctest */,
			);
			name = Products;
			sourceTree = "<group>";
		};
		E012DCF62CCB73A500D2E587 /* collection */ = {
			isa = PBXGroup;
			children = (
				E012DCF72CCB73A500D2E587 /* AppDelegate.swift */,
				E012DCF92CCB73A500D2E587 /* SceneDelegate.swift */,
				E012DCFB2CCB73A500D2E587 /* ViewController.swift */,
				E012DCFD2CCB73A500D2E587 /* Main.storyboard */,
				E012DD002CCB73A500D2E587 /* Assets.xcassets */,
				E012DD022CCB73A500D2E587 /* LaunchScreen.storyboard */,
				E012DD052CCB73A500D2E587 /* Info.plist */,
				E012DD292CCB762200D2E587 /* Movies.swift */,
			);
			path = collection;
			sourceTree = "<group>";
		};
		E012DD0D2CCB73A500D2E587 /* collectionTests */ = {
			isa = PBXGroup;
			children = (
				E012DD0E2CCB73A500D2E587 /* collectionTests.swift */,
			);
			path = collectionTests;
			sourceTree = "<group>";
		};
		E012DD172CCB73A500D2E587 /* collectionUITests */ = {
			isa = PBXGroup;
			children = (
				E012DD182CCB73A500D2E587 /* collectionUITests.swift */,
				E012DD1A2CCB73A500D2E587 /* collectionUITestsLaunchTests.swift */,
			);
			path = collectionUITests;
			sourceTree = "<group>";
		};
/* End PBXGroup section */

/* Begin PBXNativeTarget section */
		E012DCF32CCB73A500D2E587 /* collection */ = {
			isa = PBXNativeTarget;
			buildConfigurationList = E012DD1E2CCB73A500D2E587 /* Build configuration list for PBXNativeTarget "collection" */;
			buildPhases = (
				E012DCF02CCB73A500D2E587 /* Sources */,
				E012DCF12CCB73A500D2E587 /* Frameworks */,
				E012DCF22CCB73A500D2E587 /* Resources */,
			);
			buildRules = (
			);
			dependencies = (
			);
			name = collection;
			productName = collection;
			productReference = E012DCF42CCB73A500D2E587 /* collection.app */;
			productType = "com.apple.product-type.application";
		};
		E012DD092CCB73A500D2E587 /* collectionTests */ = {
			isa = PBXNativeTarget;
			buildConfigurationList = E012DD212CCB73A500D2E587 /* Build configuration list for PBXNativeTarget "collectionTests" */;
			buildPhases = (
				E012DD062CCB73A500D2E587 /* Sources */,
				E012DD072CCB73A500D2E587 /* Frameworks */,
				E012DD082CCB73A500D2E587 /* Resources */,
			);
			buildRules = (
			);
			dependencies = (
				E012DD0C2CCB73A500D2E587 /* PBXTargetDependency */,
			);
			name = collectionTests;
			productName = collectionTests;
			productReference = E012DD0A2CCB73A500D2E587 /* collectionTests.xctest */;
			productType = "com.apple.product-type.bundle.unit-test";
		};
		E012DD132CCB73A500D2E587 /* collectionUITests */ = {
			isa = PBXNativeTarget;
			buildConfigurationList = E012DD242CCB73A500D2E587 /* Build configuration list for PBXNativeTarget "collectionUITests" */;
			buildPhases = (
				E012DD102CCB73A500D2E587 /* Sources */,
				E012DD112CCB73A500D2E587 /* Frameworks */,
				E012DD122CCB73A500D2E587 /* Resources */,
			);
			buildRules = (
			);
			dependencies = (
				E012DD162CCB73A500D2E587 /* PBXTargetDependency */,
			);
			name = collectionUITests;
			productName = collectionUITests;
			productReference = E012DD142CCB73A500D2E587 /* collectionUITests.xctest */;
			productType = "com.apple.product-type.bundle.ui-testing";
		};
/* End PBXNativeTarget section */

/* Begin PBXProject section */
		E012DCEC2CCB73A400D2E587 /* Project object */ = {
			isa = PBXProject;
			attributes = {
				BuildIndependentTargetsInParallel = 1;
				LastSwiftUpdateCheck = 1430;
				LastUpgradeCheck = 1430;
				TargetAttributes = {
					E012DCF32CCB73A500D2E587 = {
						CreatedOnToolsVersion = 14.3.1;
					};
					E012DD092CCB73A500D2E587 = {
						CreatedOnToolsVersion = 14.3.1;
						TestTargetID = E012DCF32CCB73A500D2E587;
					};
					E012DD132CCB73A500D2E587 = {
						CreatedOnToolsVersion = 14.3.1;
						TestTargetID = E012DCF32CCB73A500D2E587;
					};
				};
			};
			buildConfigurationList = E012DCEF2CCB73A400D2E587 /* Build configuration list for PBXProject "collection" */;
			compatibilityVersion = "Xcode 14.0";
			developmentRegion = en;
			hasScannedForEncodings = 0;
			knownRegions = (
				en,
				Base,
			);
			mainGroup = E012DCEB2CCB73A400D2E587;
			productRefGroup = E012DCF52CCB73A500D2E587 /* Products */;
			projectDirPath = "";
			projectRoot = "";
			targets = (
				E012DCF32CCB73A500D2E587 /* collection */,
				E012DD092CCB73A500D2E587 /* collectionTests */,
				E012DD132CCB73A500D2E587 /* collectionUITests */,
			);
		};
/* End PBXProject section */

/* Begin PBXResourcesBuildPhase section */
		E012DCF22CCB73A500D2E587 /* Resources */ = {
			isa = PBXResourcesBuildPhase;
			buildActionMask = 2147483647;
			files = (
				E012DD042CCB73A500D2E587 /* LaunchScreen.storyboard in Resources */,
				E012DD012CCB73A500D2E587 /* Assets.xcassets in Resources */,
				E012DCFF2CCB73A500D2E587 /* Main.storyboard in Resources */,
			);
			runOnlyForDeploymentPostprocessing = 0;
		};
		E012DD082CCB73A500D2E587 /* Resources */ = {
			isa = PBXResourcesBuildPhase;
			buildActionMask = 2147483647;
			files = (
			);
			runOnlyForDeploymentPostprocessing = 0;
		};
		E012DD122CCB73A500D2E587 /* Resources */ = {
			isa = PBXResourcesBuildPhase;
			buildActionMask = 2147483647;
			files = (
			);
			runOnlyForDeploymentPostprocessing = 0;
		};
/* End PBXResourcesBuildPhase section */

/* Begin PBXSourcesBuildPhase section */
		E012DCF02CCB73A500D2E587 /* Sources */ = {
			isa = PBXSourcesBuildPhase;
			buildActionMask = 2147483647;
			files = (
				E012DCFC2CCB73A500D2E587 /* ViewController.swift in Sources */,
				E012DCF82CCB73A500D2E587 /* AppDelegate.swift in Sources */,
				E012DD2A2CCB762200D2E587 /* Movies.swift in Sources */,
				E012DCFA2CCB73A500D2E587 /* SceneDelegate.swift in Sources */,
			);
			runOnlyForDeploymentPostprocessing = 0;
		};
		E012DD062CCB73A500D2E587 /* Sources */ = {
			isa = PBXSourcesBuildPhase;
			buildActionMask = 2147483647;
			files = (
				E012DD0F2CCB73A500D2E587 /* collectionTests.swift in Sources */,
			);
			runOnlyForDeploymentPostprocessing = 0;
		};
		E012DD102CCB73A500D2E587 /* Sources */ = {
			isa = PBXSourcesBuildPhase;
			buildActionMask = 2147483647;
			files = (
				E012DD1B2CCB73A500D2E587 /* collectionUITestsLaunchTests.swift in Sources */,
				E012DD192CCB73A500D2E587 /* collectionUITests.swift in Sources */,
			);
			runOnlyForDeploymentPostprocessing = 0;
		};
/* End PBXSourcesBuildPhase section */

/* Begin PBXTargetDependency section */
		E012DD0C2CCB73A500D2E587 /* PBXTargetDependency */ = {
			isa = PBXTargetDependency;
			target = E012DCF32CCB73A500D2E587 /* collection */;
			targetProxy = E012DD0B2CCB73A500D2E587 /* PBXContainerItemProxy */;
		};
		E012DD162CCB73A500D2E587 /* PBXTargetDependency */ = {
			isa = PBXTargetDependency;
			target = E012DCF32CCB73A500D2E587 /* collection */;
			targetProxy = E012DD152CCB73A500D2E587 /* PBXContainerItemProxy */;
		};
/* End PBXTargetDependency section */

/* Begin PBXVariantGroup section */
		E012DCFD2CCB73A500D2E587 /* Main.storyboard */ = {
			isa = PBXVariantGroup;
			children = (
				E012DCFE2CCB73A500D2E587 /* Base */,
			);
			name = Main.storyboard;
			sourceTree = "<group>";
		};
		E012DD022CCB73A500D2E587 /* LaunchScreen.storyboard */ = {
			isa = PBXVariantGroup;
			children = (
				E012DD032CCB73A500D2E587 /* Base */,
			);
			name = LaunchScreen.storyboard;
			sourceTree = "<group>";
		};
/* End PBXVariantGroup section */

/* Begin XCBuildConfiguration section */
		E012DD1C2CCB73A500D2E587 /* Debug */ = {
			isa = XCBuildConfiguration;
			buildSettings = {
				ALWAYS_SEARCH_USER_PATHS = NO;
				CLANG_ANALYZER_NONNULL = YES;
				CLANG_ANALYZER_NUMBER_OBJECT_CONVERSION = YES_AGGRESSIVE;
				CLANG_CXX_LANGUAGE_STANDARD = "gnu++20";
				CLANG_ENABLE_MODULES = YES;
				CLANG_ENABLE_OBJC_ARC = YES;
				CLANG_ENABLE_OBJC_WEAK = YES;
				CLANG_WARN_BLOCK_CAPTURE_AUTORELEASING = YES;
				CLANG_WARN_BOOL_CONVERSION = YES;
				CLANG_WARN_COMMA = YES;
				CLANG_WARN_CONSTANT_CONVERSION = YES;
				CLANG_WARN_DEPRECATED_OBJC_IMPLEMENTATIONS = YES;
				CLANG_WARN_DIRECT_OBJC_ISA_USAGE = YES_ERROR;
				CLANG_WARN_DOCUMENTATION_COMMENTS = YES;
				CLANG_WARN_EMPTY_BODY = YES;
				CLANG_WARN_ENUM_CONVERSION = YES;
				CLANG_WARN_INFINITE_RECURSION = YES;
				CLANG_WARN_INT_CONVERSION = YES;
				CLANG_WARN_NON_LITERAL_NULL_CONVERSION = YES;
				CLANG_WARN_OBJC_IMPLICIT_RETAIN_SELF = YES;
				CLANG_WARN_OBJC_LITERAL_CONVERSION = YES;
				CLANG_WARN_OBJC_ROOT_CLASS = YES_ERROR;
				CLANG_WARN_QUOTED_INCLUDE_IN_FRAMEWORK_HEADER = YES;
				CLANG_WARN_RANGE_LOOP_ANALYSIS = YES;
				CLANG_WARN_STRICT_PROTOTYPES = YES;
				CLANG_WARN_SUSPICIOUS_MOVE = YES;
				CLANG_WARN_UNGUARDED_AVAILABILITY = YES_AGGRESSIVE;
				CLANG_WARN_UNREACHABLE_CODE = YES;
				CLANG_WARN__DUPLICATE_METHOD_MATCH = YES;
				COPY_PHASE_STRIP = NO;
				DEBUG_INFORMATION_FORMAT = dwarf;
				ENABLE_STRICT_OBJC_MSGSEND = YES;
				ENABLE_TESTABILITY = YES;
				GCC_C_LANGUAGE_STANDARD = gnu11;
				GCC_DYNAMIC_NO_PIC = NO;
				GCC_NO_COMMON_BLOCKS = YES;
				GCC_OPTIMIZATION_LEVEL = 0;
				GCC_PREPROCESSOR_DEFINITIONS = (
					"DEBUG=1",
					"$(inherited)",
				);
				GCC_WARN_64_TO_32_BIT_CONVERSION = YES;
				GCC_WARN_ABOUT_RETURN_TYPE = YES_ERROR;
				GCC_WARN_UNDECLARED_SELECTOR = YES;
				GCC_WARN_UNINITIALIZED_AUTOS = YES_AGGRESSIVE;
				GCC_WARN_UNUSED_FUNCTION = YES;
				GCC_WARN_UNUSED_VARIABLE = YES;
				IPHONEOS_DEPLOYMENT_TARGET = 16.4;
				MTL_ENABLE_DEBUG_INFO = INCLUDE_SOURCE;
				MTL_FAST_MATH = YES;
				ONLY_ACTIVE_ARCH = YES;
				SDKROOT = iphoneos;
				SWIFT_ACTIVE_COMPILATION_CONDITIONS = DEBUG;
				SWIFT_OPTIMIZATION_LEVEL = "-Onone";
			};
			name = Debug;
		};
		E012DD1D2CCB73A500D2E587 /* Release */ = {
			isa = XCBuildConfiguration;
			buildSettings = {
				ALWAYS_SEARCH_USER_PATHS = NO;
				CLANG_ANALYZER_NONNULL = YES;
				CLANG_ANALYZER_NUMBER_OBJECT_CONVERSION = YES_AGGRESSIVE;
				CLANG_CXX_LANGUAGE_STANDARD = "gnu++20";
				CLANG_ENABLE_MODULES = YES;
				CLANG_ENABLE_OBJC_ARC = YES;
				CLANG_ENABLE_OBJC_WEAK = YES;
				CLANG_WARN_BLOCK_CAPTURE_AUTORELEASING = YES;
				CLANG_WARN_BOOL_CONVERSION = YES;
				CLANG_WARN_COMMA = YES;
				CLANG_WARN_CONSTANT_CONVERSION = YES;
				CLANG_WARN_DEPRECATED_OBJC_IMPLEMENTATIONS = YES;
				CLANG_WARN_DIRECT_OBJC_ISA_USAGE = YES_ERROR;
				CLANG_WARN_DOCUMENTATION_COMMENTS = YES;
				CLANG_WARN_EMPTY_BODY = YES;
				CLANG_WARN_ENUM_CONVERSION = YES;
				CLANG_WARN_INFINITE_RECURSION = YES;
				CLANG_WARN_INT_CONVERSION = YES;
				CLANG_WARN_NON_LITERAL_NULL_CONVERSION = YES;
				CLANG_WARN_OBJC_IMPLICIT_RETAIN_SELF = YES;
				CLANG_WARN_OBJC_LITERAL_CONVERSION = YES;
				CLANG_WARN_OBJC_ROOT_CLASS = YES_ERROR;
				CLANG_WARN_QUOTED_INCLUDE_IN_FRAMEWORK_HEADER = YES;
				CLANG_WARN_RANGE_LOOP_ANALYSIS = YES;
				CLANG_WARN_STRICT_PROTOTYPES = YES;
				CLANG_WARN_SUSPICIOUS_MOVE = YES;
				CLANG_WARN_UNGUARDED_AVAILABILITY = YES_AGGRESSIVE;
				CLANG_WARN_UNREACHABLE_CODE = YES;
				CLANG_WARN__DUPLICATE_METHOD_MATCH = YES;
				COPY_PHASE_STRIP = NO;
				DEBUG_INFORMATION_FORMAT = "dwarf-with-dsym";
				ENABLE_NS_ASSERTIONS = NO;
				ENABLE_STRICT_OBJC_MSGSEND = YES;
				GCC_C_LANGUAGE_STANDARD = gnu11;
				GCC_NO_COMMON_BLOCKS = YES;
				GCC_WARN_64_TO_32_BIT_CONVERSION = YES;
				GCC_WARN_ABOUT_RETURN_TYPE = YES_ERROR;
				GCC_WARN_UNDECLARED_SELECTOR = YES;
				GCC_WARN_UNINITIALIZED_AUTOS = YES_AGGRESSIVE;
				GCC_WARN_UNUSED_FUNCTION = YES;
				GCC_WARN_UNUSED_VARIABLE = YES;
				IPHONEOS_DEPLOYMENT_TARGET = 16.4;
				MTL_ENABLE_DEBUG_INFO = NO;
				MTL_FAST_MATH = YES;
				SDKROOT = iphoneos;
				SWIFT_COMPILATION_MODE = wholemodule;
				SWIFT_OPTIMIZATION_LEVEL = "-O";
				VALIDATE_PRODUCT = YES;
			};
			name = Release;
		};
		E012DD1F2CCB73A500D2E587 /* Debug */ = {
			isa = XCBuildConfiguration;
			buildSettings = {
				ASSETCATALOG_COMPILER_APPICON_NAME = AppIcon;
				ASSETCATALOG_COMPILER_GLOBAL_ACCENT_COLOR_NAME = AccentColor;
				CODE_SIGN_STYLE = Automatic;
				CURRENT_PROJECT_VERSION = 1;
				GENERATE_INFOPLIST_FILE = YES;
				INFOPLIST_FILE = collection/Info.plist;
				INFOPLIST_KEY_UIApplicationSupportsIndirectInputEvents = YES;
				INFOPLIST_KEY_UILaunchStoryboardName = LaunchScreen;
				INFOPLIST_KEY_UIMainStoryboardFile = Main;
				INFOPLIST_KEY_UISupportedInterfaceOrientations_iPad = "UIInterfaceOrientationPortrait UIInterfaceOrientationPortraitUpsideDown UIInterfaceOrientationLandscapeLeft UIInterfaceOrientationLandscapeRight";
				INFOPLIST_KEY_UISupportedInterfaceOrientations_iPhone = "UIInterfaceOrientationPortrait UIInterfaceOrientationLandscapeLeft UIInterfaceOrientationLandscapeRight";
				LD_RUNPATH_SEARCH_PATHS = (
					"$(inherited)",
					"@executable_path/Frameworks",
				);
				MARKETING_VERSION = 1.0;
				PRODUCT_BUNDLE_IDENTIFIER = Kbtu.mall.collection;
				PRODUCT_NAME = "$(TARGET_NAME)";
				SWIFT_EMIT_LOC_STRINGS = YES;
				SWIFT_VERSION = 5.0;
				TARGETED_DEVICE_FAMILY = "1,2";
			};
			name = Debug;
		};
		E012DD202CCB73A500D2E587 /* Release */ = {
			isa = XCBuildConfiguration;
			buildSettings = {
				ASSETCATALOG_COMPILER_APPICON_NAME = AppIcon;
				ASSETCATALOG_COMPILER_GLOBAL_ACCENT_COLOR_NAME = AccentColor;
				CODE_SIGN_STYLE = Automatic;
				CURRENT_PROJECT_VERSION = 1;
				GENERATE_INFOPLIST_FILE = YES;
				INFOPLIST_FILE = collection/Info.plist;
				INFOPLIST_KEY_UIApplicationSupportsIndirectInputEvents = YES;
				INFOPLIST_KEY_UILaunchStoryboardName = LaunchScreen;
				INFOPLIST_KEY_UIMainStoryboardFile = Main;
				INFOPLIST_KEY_UISupportedInterfaceOrientations_iPad = "UIInterfaceOrientationPortrait UIInterfaceOrientationPortraitUpsideDown UIInterfaceOrientationLandscapeLeft UIInterfaceOrientationLandscapeRight";
				INFOPLIST_KEY_UISupportedInterfaceOrientations_iPhone = "UIInterfaceOrientationPortrait UIInterfaceOrientationLandscapeLeft UIInterfaceOrientationLandscapeRight";
				LD_RUNPATH_SEARCH_PATHS = (
					"$(inherited)",
					"@executable_path/Frameworks",
				);
				MARKETING_VERSION = 1.0;
				PRODUCT_BUNDLE_IDENTIFIER = Kbtu.mall.collection;
				PRODUCT_NAME = "$(TARGET_NAME)";
				SWIFT_EMIT_LOC_STRINGS = YES;
				SWIFT_VERSION = 5.0;
				TARGETED_DEVICE_FAMILY = "1,2";
			};
			name = Release;
		};
		E012DD222CCB73A500D2E587 /* Debug */ = {
			isa = XCBuildConfiguration;
			buildSettings = {
				ALWAYS_EMBED_SWIFT_STANDARD_LIBRARIES = YES;
				BUNDLE_LOADER = "$(TEST_HOST)";
				CODE_SIGN_STYLE = Automatic;
				CURRENT_PROJECT_VERSION = 1;
				GENERATE_INFOPLIST_FILE = YES;
				IPHONEOS_DEPLOYMENT_TARGET = 16.4;
				MARKETING_VERSION = 1.0;
				PRODUCT_BUNDLE_IDENTIFIER = Kbtu.mall.collectionTests;
				PRODUCT_NAME = "$(TARGET_NAME)";
				SWIFT_EMIT_LOC_STRINGS = NO;
				SWIFT_VERSION = 5.0;
				TARGETED_DEVICE_FAMILY = "1,2";
				TEST_HOST = "$(BUILT_PRODUCTS_DIR)/collection.app/$(BUNDLE_EXECUTABLE_FOLDER_PATH)/collection";
			};
			name = Debug;
		};
		E012DD232CCB73A500D2E587 /* Release */ = {
			isa = XCBuildConfiguration;
			buildSettings = {
				ALWAYS_EMBED_SWIFT_STANDARD_LIBRARIES = YES;
				BUNDLE_LOADER = "$(TEST_HOST)";
				CODE_SIGN_STYLE = Automatic;
				CURRENT_PROJECT_VERSION = 1;
				GENERATE_INFOPLIST_FILE = YES;
				IPHONEOS_DEPLOYMENT_TARGET = 16.4;
				MARKETING_VERSION = 1.0;
				PRODUCT_BUNDLE_IDENTIFIER = Kbtu.mall.collectionTests;
				PRODUCT_NAME = "$(TARGET_NAME)";
				SWIFT_EMIT_LOC_STRINGS = NO;
				SWIFT_VERSION = 5.0;
				TARGETED_DEVICE_FAMILY = "1,2";
				TEST_HOST = "$(BUILT_PRODUCTS_DIR)/collection.app/$(BUNDLE_EXECUTABLE_FOLDER_PATH)/collection";
			};
			name = Release;
		};
		E012DD252CCB73A500D2E587 /* Debug */ = {
			isa = XCBuildConfiguration;
			buildSettings = {
				ALWAYS_EMBED_SWIFT_STANDARD_LIBRARIES = YES;
				CODE_SIGN_STYLE = Automatic;
				CURRENT_PROJECT_VERSION = 1;
				GENERATE_INFOPLIST_FILE = YES;
				MARKETING_VERSION = 1.0;
				PRODUCT_BUNDLE_IDENTIFIER = Kbtu.mall.collectionUITests;
				PRODUCT_NAME = "$(TARGET_NAME)";
				SWIFT_EMIT_LOC_STRINGS = NO;
				SWIFT_VERSION = 5.0;
				TARGETED_DEVICE_FAMILY = "1,2";
				TEST_TARGET_NAME = collection;
			};
			name = Debug;
		};
		E012DD262CCB73A500D2E587 /* Release */ = {
			isa = XCBuildConfiguration;
			buildSettings = {
				ALWAYS_EMBED_SWIFT_STANDARD_LIBRARIES = YES;
				CODE_SIGN_STYLE = Automatic;
				CURRENT_PROJECT_VERSION = 1;
				GENERATE_INFOPLIST_FILE = YES;
				MARKETING_VERSION = 1.0;
				PRODUCT_BUNDLE_IDENTIFIER = Kbtu.mall.collectionUITests;
				PRODUCT_NAME = "$(TARGET_NAME)";
				SWIFT_EMIT_LOC_STRINGS = NO;
				SWIFT_VERSION = 5.0;
				TARGETED_DEVICE_FAMILY = "1,2";
				TEST_TARGET_NAME = collection;
			};
			name = Release;
		};
/* End XCBuildConfiguration section */

/* Begin XCConfigurationList section */
		E012DCEF2CCB73A400D2E587 /* Build configuration list for PBXProject "collection" */ = {
			isa = XCConfigurationList;
			buildConfigurations = (
				E012DD1C2CCB73A500D2E587 /* Debug */,
				E012DD1D2CCB73A500D2E587 /* Release */,
			);
			defaultConfigurationIsVisible = 0;
			defaultConfigurationName = Release;
		};
		E012DD1E2CCB73A500D2E587 /* Build configuration list for PBXNativeTarget "collection" */ = {
			isa = XCConfigurationList;
			buildConfigurations = (
				E012DD1F2CCB73A500D2E587 /* Debug */,
				E012DD202CCB73A500D2E587 /* Release */,
			);
			defaultConfigurationIsVisible = 0;
			defaultConfigurationName = Release;
		};
		E012DD212CCB73A500D2E587 /* Build configuration list for PBXNativeTarget "collectionTests" */ = {
			isa = XCConfigurationList;
			buildConfigurations = (
				E012DD222CCB73A500D2E587 /* Debug */,
				E012DD232CCB73A500D2E587 /* Release */,
			);
			defaultConfigurationIsVisible = 0;
			defaultConfigurationName = Release;
		};
		E012DD242CCB73A500D2E587 /* Build configuration list for PBXNativeTarget "collectionUITests" */ = {
			isa = XCConfigurationList;
			buildConfigurations = (
				E012DD252CCB73A500D2E587 /* Debug */,
				E012DD262CCB73A500D2E587 /* Release */,
			);
			defaultConfigurationIsVisible = 0;
			defaultConfigurationName = Release;
		};
/* End XCConfigurationList section */
	};
	rootObject = E012DCEC2CCB73A400D2E587 /* Project object */;
}
